
Microsoft Visual Studio Solution File, Format Version 12.00
# Visual Studio Version 16
VisualStudioVersion = 16.0.32901.82
MinimumVisualStudioVersion = 10.0.40219.1
Project("{FAE04EC0-301F-11D3-BF4B-00C04F79EFBC}") = "AutomationExerciseWebsite", "AutomationExerciseWebsite\AutomationExerciseWebsite.csproj", "{24F6D66F-107B-4B91-BD2C-CF816DB5161D}"
EndProject
Global
	GlobalSection(SolutionConfigurationPlatforms) = preSolution
		Debug|Any CPU = Debug|Any CPU
		Release|Any CPU = Release|Any CPU
	EndGlobalSection
	GlobalSection(ProjectConfigurationPlatforms) = postSolution
		{24F6D66F-107B-4B91-BD2C-CF816DB5161D}.Debug|Any CPU.ActiveCfg = Debug|Any CPU
		{24F6D66F-107B-4B91-BD2C-CF816DB5161D}.Debug|Any CPU.Build.0 = Debug|Any CPU
		{24F6D66F-107B-4B91-BD2C-CF816DB5161D}.Release|Any CPU.ActiveCfg = Release|Any CPU
		{24F6D66F-107B-4B91-BD2C-CF816DB5161D}.Release|Any CPU.Build.0 = Release|Any CPU
	EndGlobalSection
	GlobalSection(SolutionProperties) = preSolution
		HideSolutionNode = FALSE
	EndGlobalSection
	GlobalSection(ExtensibilityGlobals) = postSolution
		SolutionGuid = {97B90C95-7C78-4D31-BC24-A5AC5A96D1C0}
	EndGlobalSection
EndGlobal
